
Microsoft Visual Studio Solution File, Format Version 12.00
# Visual Studio Version 17
VisualStudioVersion = 17.5.002.0
MinimumVisualStudioVersion = 10.0.40219.1
Project("{9A19103F-16F7-4668-BE54-9A1E7A4F7556}") = "json", "json.csproj", "{380C737A-5F3B-4019-BDBD-D7B40E50BC7E}"
EndProject
Project("{9A19103F-16F7-4668-BE54-9A1E7A4F7556}") = "CarDataBase", "CarDataBase.csproj", "{D6B62CF0-4303-4F4B-81B9-1F2FCC0F7501}"
EndProject
Global
	GlobalSection(SolutionConfigurationPlatforms) = preSolution
		Debug|Any CPU = Debug|Any CPU
		Release|Any CPU = Release|Any CPU
	EndGlobalSection
	GlobalSection(ProjectConfigurationPlatforms) = postSolution
		{380C737A-5F3B-4019-BDBD-D7B40E50BC7E}.Debug|Any CPU.ActiveCfg = Debug|Any CPU
		{380C737A-5F3B-4019-BDBD-D7B40E50BC7E}.Debug|Any CPU.Build.0 = Debug|Any CPU
		{380C737A-5F3B-4019-BDBD-D7B40E50BC7E}.Release|Any CPU.ActiveCfg = Release|Any CPU
		{380C737A-5F3B-4019-BDBD-D7B40E50BC7E}.Release|Any CPU.Build.0 = Release|Any CPU
		{D6B62CF0-4303-4F4B-81B9-1F2FCC0F7501}.Debug|Any CPU.ActiveCfg = Debug|Any CPU
		{D6B62CF0-4303-4F4B-81B9-1F2FCC0F7501}.Debug|Any CPU.Build.0 = Debug|Any CPU
		{D6B62CF0-4303-4F4B-81B9-1F2FCC0F7501}.Release|Any CPU.ActiveCfg = Release|Any CPU
		{D6B62CF0-4303-4F4B-81B9-1F2FCC0F7501}.Release|Any CPU.Build.0 = Release|Any CPU
	EndGlobalSection
	GlobalSection(SolutionProperties) = preSolution
		HideSolutionNode = FALSE
	EndGlobalSection
	GlobalSection(ExtensibilityGlobals) = postSolution
		SolutionGuid = {1450B6FC-8E30-4A79-AD6C-D97006A1A264}
	EndGlobalSection
EndGlobal
